
Microsoft Visual Studio Solution File, Format Version 12.00
# Visual Studio Version 17
VisualStudioVersion = 17.4.33103.184
MinimumVisualStudioVersion = 10.0.40219.1
Project("{FAE04EC0-301F-11D3-BF4B-00C04F79EFBC}") = "SportKcenter", "SportKcenter\SportKcenter.csproj", "{2E0E62FA-CE58-4B02-A278-6E82E57A2630}"
EndProject
Global
	GlobalSection(SolutionConfigurationPlatforms) = preSolution
		Debug|Any CPU = Debug|Any CPU
		Release|Any CPU = Release|Any CPU
	EndGlobalSection
	GlobalSection(ProjectConfigurationPlatforms) = postSolution
		{2E0E62FA-CE58-4B02-A278-6E82E57A2630}.Debug|Any CPU.ActiveCfg = Debug|Any CPU
		{2E0E62FA-CE58-4B02-A278-6E82E57A2630}.Debug|Any CPU.Build.0 = Debug|Any CPU
		{2E0E62FA-CE58-4B02-A278-6E82E57A2630}.Release|Any CPU.ActiveCfg = Release|Any CPU
		{2E0E62FA-CE58-4B02-A278-6E82E57A2630}.Release|Any CPU.Build.0 = Release|Any CPU
	EndGlobalSection
	GlobalSection(SolutionProperties) = preSolution
		HideSolutionNode = FALSE
	EndGlobalSection
	GlobalSection(ExtensibilityGlobals) = postSolution
		SolutionGuid = {63CC4C5F-AB0E-4B5F-B432-E798827FA329}
	EndGlobalSection
EndGlobal
